{
  "requires": true,
  "lockfileVersion": 1,
  "dependencies": {
    "@types/offscreencanvas": {
      "version": "2019.6.3",
      "resolved": "https://registry.npmjs.org/@types/offscreencanvas/-/offscreencanvas-2019.6.3.tgz",
      "integrity": "sha512-957DsU187Y90EmlXneuqrqnwmwCkC9oPyQ/IEGwmDRpMfuhcGtjIz72Me7HvdK04ZC16A0VWmv0TSNLwC9ZvXw==",
      "requires": {
        "@types/webgl2": "*"
      }
    },
    "@types/webgl2": {
      "version": "0.0.6",
      "resolved": "https://registry.npmjs.org/@types/webgl2/-/webgl2-0.0.6.tgz",
      "integrity": "sha512-50GQhDVTq/herLMiqSQkdtRu+d5q/cWHn4VvKJtrj4DJAjo1MNkWYa2MA41BaBO1q1HgsUjuQvEOk0QHvlnAaQ=="
    }
  }
}
